
Microsoft Visual Studio Solution File, Format Version 12.00
# Visual Studio Version 17
VisualStudioVersion = 17.14.37411.7 d17.14
MinimumVisualStudioVersion = 10.0.40219.1
Project("{FAE04EC0-301F-11D3-BF4B-00C04F79EFBC}") = "Package Pickup Monitoring System", "Package Pickup Monitoring System\Package Pickup Monitoring System.csproj", "{B017EE9D-8252-4E6D-9020-5AFF5304A407}"
EndProject
Global
	GlobalSection(SolutionConfigurationPlatforms) = preSolution
		Debug|Any CPU = Debug|Any CPU
		Release|Any CPU = Release|Any CPU
	EndGlobalSection
	GlobalSection(ProjectConfigurationPlatforms) = postSolution
		{B017EE9D-8252-4E6D-9020-5AFF5304A407}.Debug|Any CPU.ActiveCfg = Debug|Any CPU
		{B017EE9D-8252-4E6D-9020-5AFF5304A407}.Debug|Any CPU.Build.0 = Debug|Any CPU
		{B017EE9D-8252-4E6D-9020-5AFF5304A407}.Release|Any CPU.ActiveCfg = Release|Any CPU
		{B017EE9D-8252-4E6D-9020-5AFF5304A407}.Release|Any CPU.Build.0 = Release|Any CPU
	EndGlobalSection
	GlobalSection(SolutionProperties) = preSolution
		HideSolutionNode = FALSE
	EndGlobalSection
	GlobalSection(ExtensibilityGlobals) = postSolution
		SolutionGuid = {02BF0151-0C6A-435D-8A72-863AA38EB78D}
	EndGlobalSection
EndGlobal
